
Microsoft Visual Studio Solution File, Format Version 12.00
# Visual Studio Version 17
VisualStudioVersion = 17.7.34202.233
MinimumVisualStudioVersion = 10.0.40219.1
Project("{9A19103F-16F7-4668-BE54-9A1E7A4F7556}") = "DataAccess", "DataAccess\DataAccess.csproj", "{6900D080-1A23-415F-9FC6-A8292BC1C002}"
EndProject
Project("{9A19103F-16F7-4668-BE54-9A1E7A4F7556}") = "FeedingManagement", "FeedingManagement\FeedingManagement.csproj", "{1E48317D-BC3A-4435-951B-2A882104AE24}"
EndProject
Project("{2150E333-8FDC-42A3-9474-1A3956D46DE8}") = "1. Presentation Layer", "1. Presentation Layer", "{E08F6275-717E-4B5C-A7A1-847F2F0DF8B2}"
EndProject
Project("{2150E333-8FDC-42A3-9474-1A3956D46DE8}") = "2. Business Layer", "2. Business Layer", "{D4E51ABA-41E4-4DC0-84D3-9053B9F433D0}"
EndProject
Project("{2150E333-8FDC-42A3-9474-1A3956D46DE8}") = "3. Data Layer", "3. Data Layer", "{5037B355-CEEA-4A6A-A5C5-3F06DAD6B0FE}"
EndProject
Project("{FAE04EC0-301F-11D3-BF4B-00C04F79EFBC}") = "BusinessObject", "BusinessObject\BusinessObject.csproj", "{0A7E0165-388F-4D7B-BE30-9DE717EEA3C6}"
EndProject
Global
	GlobalSection(SolutionConfigurationPlatforms) = preSolution
		Debug|Any CPU = Debug|Any CPU
		Release|Any CPU = Release|Any CPU
	EndGlobalSection
	GlobalSection(ProjectConfigurationPlatforms) = postSolution
		{6900D080-1A23-415F-9FC6-A8292BC1C002}.Debug|Any CPU.ActiveCfg = Debug|Any CPU
		{6900D080-1A23-415F-9FC6-A8292BC1C002}.Debug|Any CPU.Build.0 = Debug|Any CPU
		{6900D080-1A23-415F-9FC6-A8292BC1C002}.Release|Any CPU.ActiveCfg = Release|Any CPU
		{6900D080-1A23-415F-9FC6-A8292BC1C002}.Release|Any CPU.Build.0 = Release|Any CPU
		{1E48317D-BC3A-4435-951B-2A882104AE24}.Debug|Any CPU.ActiveCfg = Debug|Any CPU
		{1E48317D-BC3A-4435-951B-2A882104AE24}.Debug|Any CPU.Build.0 = Debug|Any CPU
		{1E48317D-BC3A-4435-951B-2A882104AE24}.Release|Any CPU.ActiveCfg = Release|Any CPU
		{1E48317D-BC3A-4435-951B-2A882104AE24}.Release|Any CPU.Build.0 = Release|Any CPU
		{0A7E0165-388F-4D7B-BE30-9DE717EEA3C6}.Debug|Any CPU.ActiveCfg = Debug|Any CPU
		{0A7E0165-388F-4D7B-BE30-9DE717EEA3C6}.Debug|Any CPU.Build.0 = Debug|Any CPU
		{0A7E0165-388F-4D7B-BE30-9DE717EEA3C6}.Release|Any CPU.ActiveCfg = Release|Any CPU
		{0A7E0165-388F-4D7B-BE30-9DE717EEA3C6}.Release|Any CPU.Build.0 = Release|Any CPU
	EndGlobalSection
	GlobalSection(SolutionProperties) = preSolution
		HideSolutionNode = FALSE
	EndGlobalSection
	GlobalSection(NestedProjects) = preSolution
		{6900D080-1A23-415F-9FC6-A8292BC1C002} = {5037B355-CEEA-4A6A-A5C5-3F06DAD6B0FE}
		{1E48317D-BC3A-4435-951B-2A882104AE24} = {E08F6275-717E-4B5C-A7A1-847F2F0DF8B2}
		{0A7E0165-388F-4D7B-BE30-9DE717EEA3C6} = {D4E51ABA-41E4-4DC0-84D3-9053B9F433D0}
	EndGlobalSection
	GlobalSection(ExtensibilityGlobals) = postSolution
		SolutionGuid = {1C9D6CF3-0E52-482A-84E5-8922CDDB0696}
	EndGlobalSection
EndGlobal
